// !$*UTF8*$!
{
	archiveVersion = 1;
	classes = {
	};
	objectVersion = 46;
	objects = {

/* Begin PBXBuildFile section */
		E182CD781DE4335000DFFE94 /* main.m in Sources */ = {isa = PBXBuildFile; fileRef = E182CD771DE4335000DFFE94 /* main.m */; };
		E182CD7B1DE4335000DFFE94 /* CalculatorAppDelegate.m in Sources */ = {isa = PBXBuildFile; fileRef = E182CD7A1DE4335000DFFE94 /* CalculatorAppDelegate.m */; };
		E182CD7E1DE4335000DFFE94 /* CalculatorViewController.m in Sources */ = {isa = PBXBuildFile; fileRef = E182CD7D1DE4335000DFFE94 /* CalculatorViewController.m */; };
		E182CD811DE4335000DFFE94 /* Main.storyboard in Resources */ = {isa = PBXBuildFile; fileRef = E182CD7F1DE4335000DFFE94 /* Main.storyboard */; };
		E182CD831DE4335000DFFE94 /* Assets.xcassets in Resources */ = {isa = PBXBuildFile; fileRef = E182CD821DE4335000DFFE94 /* Assets.xcassets */; };
		E182CD861DE4335000DFFE94 /* LaunchScreen.storyboard in Resources */ = {isa = PBXBuildFile; fileRef = E182CD841DE4335000DFFE94 /* LaunchScreen.storyboard */; };
		E182CD9D1DE43EF700DFFE94 /* StringCalc.m in Sources */ = {isa = PBXBuildFile; fileRef = E182CD9C1DE43EF700DFFE94 /* StringCalc.m */; };
		E182CDA11DE43F7900DFFE94 /* Stack.m in Sources */ = {isa = PBXBuildFile; fileRef = E182CDA01DE43F7900DFFE94 /* Stack.m */; };
		E182CDA51DE44CA800DFFE94 /* Stack_Test.m in Sources */ = {isa = PBXBuildFile; fileRef = E182CDA41DE44CA800DFFE94 /* Stack_Test.m */; };
		E182CDA91DE44DB400DFFE94 /* StringCalc_Test.m in Sources */ = {isa = PBXBuildFile; fileRef = E182CDA81DE44DB400DFFE94 /* StringCalc_Test.m */; };
/* End PBXBuildFile section */

/* Begin PBXContainerItemProxy section */
		E182CD8D1DE4335100DFFE94 /* PBXContainerItemProxy */ = {
			isa = PBXContainerItemProxy;
			containerPortal = E182CD6B1DE4335000DFFE94 /* Project object */;
			proxyType = 1;
			remoteGlobalIDString = E182CD721DE4335000DFFE94;
			remoteInfo = Calculator;
		};
/* End PBXContainerItemProxy section */

/* Begin PBXFileReference section */
		E182CD731DE4335000DFFE94 /* Calculator.app */ = {isa = PBXFileReference; explicitFileType = wrapper.application; includeInIndex = 0; path = Calculator.app; sourceTree = BUILT_PRODUCTS_DIR; };
		E182CD771DE4335000DFFE94 /* main.m */ = {isa = PBXFileReference; lastKnownFileType = sourcecode.c.objc; path = main.m; sourceTree = "<group>"; };
		E182CD791DE4335000DFFE94 /* CalculatorAppDelegate.h */ = {isa = PBXFileReference; lastKnownFileType = sourcecode.c.h; path = CalculatorAppDelegate.h; sourceTree = "<group>"; };
		E182CD7A1DE4335000DFFE94 /* CalculatorAppDelegate.m */ = {isa = PBXFileReference; lastKnownFileType = sourcecode.c.objc; path = CalculatorAppDelegate.m; sourceTree = "<group>"; };
		E182CD7C1DE4335000DFFE94 /* CalculatorViewController.h */ = {isa = PBXFileReference; lastKnownFileType = sourcecode.c.h; path = CalculatorViewController.h; sourceTree = "<group>"; };
		E182CD7D1DE4335000DFFE94 /* CalculatorViewController.m */ = {isa = PBXFileReference; lastKnownFileType = sourcecode.c.objc; path = CalculatorViewController.m; sourceTree = "<group>"; };
		E182CD801DE4335000DFFE94 /* Base */ = {isa = PBXFileReference; lastKnownFileType = file.storyboard; name = Base; path = Base.lproj/Main.storyboard; sourceTree = "<group>"; };
		E182CD821DE4335000DFFE94 /* Assets.xcassets */ = {isa = PBXFileReference; lastKnownFileType = folder.assetcatalog; path = Assets.xcassets; sourceTree = "<group>"; };
		E182CD851DE4335000DFFE94 /* Base */ = {isa = PBXFileReference; lastKnownFileType = file.storyboard; name = Base; path = Base.lproj/LaunchScreen.storyboard; sourceTree = "<group>"; };
		E182CD871DE4335000DFFE94 /* Info.plist */ = {isa = PBXFileReference; lastKnownFileType = text.plist.xml; path = Info.plist; sourceTree = "<group>"; };
		E182CD8C1DE4335100DFFE94 /* CalculatorTests.xctest */ = {isa = PBXFileReference; explicitFileType = wrapper.cfbundle; includeInIndex = 0; path = CalculatorTests.xctest; sourceTree = BUILT_PRODUCTS_DIR; };
		E182CD921DE4335100DFFE94 /* Info.plist */ = {isa = PBXFileReference; lastKnownFileType = text.plist.xml; path = Info.plist; sourceTree = "<group>"; };
		E182CD9B1DE43EF700DFFE94 /* StringCalc.h */ = {isa = PBXFileReference; fileEncoding = 4; lastKnownFileType = sourcecode.c.h; name = StringCalc.h; path = StringCalc/StringCalc.h; sourceTree = "<group>"; };
		E182CD9C1DE43EF700DFFE94 /* StringCalc.m */ = {isa = PBXFileReference; fileEncoding = 4; lastKnownFileType = sourcecode.c.objc; name = StringCalc.m; path = StringCalc/StringCalc.m; sourceTree = "<group>"; };
		E182CD9F1DE43F7900DFFE94 /* Stack.h */ = {isa = PBXFileReference; fileEncoding = 4; lastKnownFileType = sourcecode.c.h; name = Stack.h; path = StringCalc/Stack.h; sourceTree = "<group>"; };
		E182CDA01DE43F7900DFFE94 /* Stack.m */ = {isa = PBXFileReference; fileEncoding = 4; lastKnownFileType = sourcecode.c.objc; name = Stack.m; path = StringCalc/Stack.m; sourceTree = "<group>"; };
		E182CDA41DE44CA800DFFE94 /* Stack_Test.m */ = {isa = PBXFileReference; fileEncoding = 4; lastKnownFileType = sourcecode.c.objc; path = Stack_Test.m; sourceTree = "<group>"; };
		E182CDA81DE44DB400DFFE94 /* StringCalc_Test.m */ = {isa = PBXFileReference; fileEncoding = 4; lastKnownFileType = sourcecode.c.objc; path = StringCalc_Test.m; sourceTree = "<group>"; };
/* End PBXFileReference section */

/* Begin PBXFrameworksBuildPhase section */
		E182CD701DE4335000DFFE94 /* Frameworks */ = {
			isa = PBXFrameworksBuildPhase;
			buildActionMask = 2147483647;
			files = (
			);
			runOnlyForDeploymentPostprocessing = 0;
		};
		E182CD891DE4335100DFFE94 /* Frameworks */ = {
			isa = PBXFrameworksBuildPhase;
			buildActionMask = 2147483647;
			files = (
			);
			runOnlyForDeploymentPostprocessing = 0;
		};
/* End PBXFrameworksBuildPhase section */

/* Begin PBXGroup section */
		E182CD6A1DE4335000DFFE94 = {
			isa = PBXGroup;
			children = (
				E182CD751DE4335000DFFE94 /* Calculator */,
				E182CD8F1DE4335100DFFE94 /* CalculatorTests */,
				E182CD741DE4335000DFFE94 /* Products */,
			);
			sourceTree = "<group>";
		};
		E182CD741DE4335000DFFE94 /* Products */ = {
			isa = PBXGroup;
			children = (
				E182CD731DE4335000DFFE94 /* Calculator.app */,
				E182CD8C1DE4335100DFFE94 /* CalculatorTests.xctest */,
			);
			name = Products;
			sourceTree = "<group>";
		};
		E182CD751DE4335000DFFE94 /* Calculator */ = {
			isa = PBXGroup;
			children = (
				E182CD791DE4335000DFFE94 /* CalculatorAppDelegate.h */,
				E182CD7A1DE4335000DFFE94 /* CalculatorAppDelegate.m */,
				E182CD7C1DE4335000DFFE94 /* CalculatorViewController.h */,
				E182CD7D1DE4335000DFFE94 /* CalculatorViewController.m */,
				E182CD7F1DE4335000DFFE94 /* Main.storyboard */,
				E182CD821DE4335000DFFE94 /* Assets.xcassets */,
				E182CD841DE4335000DFFE94 /* LaunchScreen.storyboard */,
				E182CD871DE4335000DFFE94 /* Info.plist */,
				E182CD9E1DE43EFE00DFFE94 /* StringCalc */,
				E182CD761DE4335000DFFE94 /* Supporting Files */,
			);
			path = Calculator;
			sourceTree = "<group>";
		};
		E182CD761DE4335000DFFE94 /* Supporting Files */ = {
			isa = PBXGroup;
			children = (
				E182CD771DE4335000DFFE94 /* main.m */,
			);
			name = "Supporting Files";
			sourceTree = "<group>";
		};
		E182CD8F1DE4335100DFFE94 /* CalculatorTests */ = {
			isa = PBXGroup;
			children = (
				E182CDA41DE44CA800DFFE94 /* Stack_Test.m */,
				E182CDA81DE44DB400DFFE94 /* StringCalc_Test.m */,
				E182CD921DE4335100DFFE94 /* Info.plist */,
			);
			path = CalculatorTests;
			sourceTree = "<group>";
		};
		E182CD9E1DE43EFE00DFFE94 /* StringCalc */ = {
			isa = PBXGroup;
			children = (
				E182CD9F1DE43F7900DFFE94 /* Stack.h */,
				E182CDA01DE43F7900DFFE94 /* Stack.m */,
				E182CD9B1DE43EF700DFFE94 /* StringCalc.h */,
				E182CD9C1DE43EF700DFFE94 /* StringCalc.m */,
			);
			name = StringCalc;
			sourceTree = "<group>";
		};
/* End PBXGroup section */

/* Begin PBXNativeTarget section */
		E182CD721DE4335000DFFE94 /* Calculator */ = {
			isa = PBXNativeTarget;
			buildConfigurationList = E182CD951DE4335100DFFE94 /* Build configuration list for PBXNativeTarget "Calculator" */;
			buildPhases = (
				E182CD6F1DE4335000DFFE94 /* Sources */,
				E182CD701DE4335000DFFE94 /* Frameworks */,
				E182CD711DE4335000DFFE94 /* Resources */,
			);
			buildRules = (
			);
			dependencies = (
			);
			name = Calculator;
			productName = Calculator;
			productReference = E182CD731DE4335000DFFE94 /* Calculator.app */;
			productType = "com.apple.product-type.application";
		};
		E182CD8B1DE4335100DFFE94 /* CalculatorTests */ = {
			isa = PBXNativeTarget;
			buildConfigurationList = E182CD981DE4335100DFFE94 /* Build configuration list for PBXNativeTarget "CalculatorTests" */;
			buildPhases = (
				E182CD881DE4335100DFFE94 /* Sources */,
				E182CD891DE4335100DFFE94 /* Frameworks */,
				E182CD8A1DE4335100DFFE94 /* Resources */,
			);
			buildRules = (
			);
			dependencies = (
				E182CD8E1DE4335100DFFE94 /* PBXTargetDependency */,
			);
			name = CalculatorTests;
			productName = CalculatorTests;
			productReference = E182CD8C1DE4335100DFFE94 /* CalculatorTests.xctest */;
			productType = "com.apple.product-type.bundle.unit-test";
		};
/* End PBXNativeTarget section */

/* Begin PBXProject section */
		E182CD6B1DE4335000DFFE94 /* Project object */ = {
			isa = PBXProject;
			attributes = {
				LastUpgradeCheck = 0800;
				ORGANIZATIONNAME = Ekaterina;
				TargetAttributes = {
					E182CD721DE4335000DFFE94 = {
						CreatedOnToolsVersion = 8.0;
						DevelopmentTeam = SEUUY5JL47;
						ProvisioningStyle = Automatic;
					};
					E182CD8B1DE4335100DFFE94 = {
						CreatedOnToolsVersion = 8.0;
						DevelopmentTeam = SEUUY5JL47;
						ProvisioningStyle = Automatic;
						TestTargetID = E182CD721DE4335000DFFE94;
					};
				};
			};
			buildConfigurationList = E182CD6E1DE4335000DFFE94 /* Build configuration list for PBXProject "Calculator" */;
			compatibilityVersion = "Xcode 3.2";
			developmentRegion = English;
			hasScannedForEncodings = 0;
			knownRegions = (
				en,
				Base,
			);
			mainGroup = E182CD6A1DE4335000DFFE94;
			productRefGroup = E182CD741DE4335000DFFE94 /* Products */;
			projectDirPath = "";
			projectRoot = "";
			targets = (
				E182CD721DE4335000DFFE94 /* Calculator */,
				E182CD8B1DE4335100DFFE94 /* CalculatorTests */,
			);
		};
/* End PBXProject section */

/* Begin PBXResourcesBuildPhase section */
		E182CD711DE4335000DFFE94 /* Resources */ = {
			isa = PBXResourcesBuildPhase;
			buildActionMask = 2147483647;
			files = (
				E182CD861DE4335000DFFE94 /* LaunchScreen.storyboard in Resources */,
				E182CD831DE4335000DFFE94 /* Assets.xcassets in Resources */,
				E182CD811DE4335000DFFE94 /* Main.storyboard in Resources */,
			);
			runOnlyForDeploymentPostprocessing = 0;
		};
		E182CD8A1DE4335100DFFE94 /* Resources */ = {
			isa = PBXResourcesBuildPhase;
			buildActionMask = 2147483647;
			files = (
			);
			runOnlyForDeploymentPostprocessing = 0;
		};
/* End PBXResourcesBuildPhase section */

/* Begin PBXSourcesBuildPhase section */
		E182CD6F1DE4335000DFFE94 /* Sources */ = {
			isa = PBXSourcesBuildPhase;
			buildActionMask = 2147483647;
			files = (
				E182CD7E1DE4335000DFFE94 /* CalculatorViewController.m in Sources */,
				E182CD9D1DE43EF700DFFE94 /* StringCalc.m in Sources */,
				E182CD7B1DE4335000DFFE94 /* CalculatorAppDelegate.m in Sources */,
				E182CDA11DE43F7900DFFE94 /* Stack.m in Sources */,
				E182CD781DE4335000DFFE94 /* main.m in Sources */,
			);
			runOnlyForDeploymentPostprocessing = 0;
		};
		E182CD881DE4335100DFFE94 /* Sources */ = {
			isa = PBXSourcesBuildPhase;
			buildActionMask = 2147483647;
			files = (
				E182CDA51DE44CA800DFFE94 /* Stack_Test.m in Sources */,
				E182CDA91DE44DB400DFFE94 /* StringCalc_Test.m in Sources */,
			);
			runOnlyForDeploymentPostprocessing = 0;
		};
/* End PBXSourcesBuildPhase section */

/* Begin PBXTargetDependency section */
		E182CD8E1DE4335100DFFE94 /* PBXTargetDependency */ = {
			isa = PBXTargetDependency;
			target = E182CD721DE4335000DFFE94 /* Calculator */;
			targetProxy = E182CD8D1DE4335100DFFE94 /* PBXContainerItemProxy */;
		};
/* End PBXTargetDependency section */

/* Begin PBXVariantGroup section */
		E182CD7F1DE4335000DFFE94 /* Main.storyboard */ = {
			isa = PBXVariantGroup;
			children = (
				E182CD801DE4335000DFFE94 /* Base */,
			);
			name = Main.storyboard;
			sourceTree = "<group>";
		};
		E182CD841DE4335000DFFE94 /* LaunchScreen.storyboard */ = {
			isa = PBXVariantGroup;
			children = (
				E182CD851DE4335000DFFE94 /* Base */,
			);
			name = LaunchScreen.storyboard;
			sourceTree = "<group>";
		};
/* End PBXVariantGroup section */

/* Begin XCBuildConfiguration section */
		E182CD931DE4335100DFFE94 /* Debug */ = {
			isa = XCBuildConfiguration;
			buildSettings = {
				ALWAYS_SEARCH_USER_PATHS = NO;
				CLANG_ANALYZER_NONNULL = YES;
				CLANG_CXX_LANGUAGE_STANDARD = "gnu++0x";
				CLANG_CXX_LIBRARY = "libc++";
				CLANG_ENABLE_MODULES = YES;
				CLANG_ENABLE_OBJC_ARC = YES;
				CLANG_WARN_BOOL_CONVERSION = YES;
				CLANG_WARN_CONSTANT_CONVERSION = YES;
				CLANG_WARN_DIRECT_OBJC_ISA_USAGE = YES_ERROR;
				CLANG_WARN_DOCUMENTATION_COMMENTS = YES;
				CLANG_WARN_EMPTY_BODY = YES;
				CLANG_WARN_ENUM_CONVERSION = YES;
				CLANG_WARN_INFINITE_RECURSION = YES;
				CLANG_WARN_INT_CONVERSION = YES;
				CLANG_WARN_OBJC_ROOT_CLASS = YES_ERROR;
				CLANG_WARN_SUSPICIOUS_MOVES = YES;
				CLANG_WARN_UNREACHABLE_CODE = YES;
				CLANG_WARN__DUPLICATE_METHOD_MATCH = YES;
				"CODE_SIGN_IDENTITY[sdk=iphoneos*]" = "iPhone Developer";
				COPY_PHASE_STRIP = NO;
				DEBUG_INFORMATION_FORMAT = dwarf;
				ENABLE_STRICT_OBJC_MSGSEND = YES;
				ENABLE_TESTABILITY = YES;
				GCC_C_LANGUAGE_STANDARD = gnu99;
				GCC_DYNAMIC_NO_PIC = NO;
				GCC_NO_COMMON_BLOCKS = YES;
				GCC_OPTIMIZATION_LEVEL = 0;
				GCC_PREPROCESSOR_DEFINITIONS = (
					"DEBUG=1",
					"$(inherited)",
				);
				GCC_WARN_64_TO_32_BIT_CONVERSION = YES;
				GCC_WARN_ABOUT_RETURN_TYPE = YES_ERROR;
				GCC_WARN_UNDECLARED_SELECTOR = YES;
				GCC_WARN_UNINITIALIZED_AUTOS = YES_AGGRESSIVE;
				GCC_WARN_UNUSED_FUNCTION = YES;
				GCC_WARN_UNUSED_VARIABLE = YES;
				IPHONEOS_DEPLOYMENT_TARGET = 7.0;
				MTL_ENABLE_DEBUG_INFO = YES;
				ONLY_ACTIVE_ARCH = YES;
				SDKROOT = iphoneos;
				TARGETED_DEVICE_FAMILY = "1,2";
			};
			name = Debug;
		};
		E182CD941DE4335100DFFE94 /* Release */ = {
			isa = XCBuildConfiguration;
			buildSettings = {
				ALWAYS_SEARCH_USER_PATHS = NO;
				CLANG_ANALYZER_NONNULL = YES;
				CLANG_CXX_LANGUAGE_STANDARD = "gnu++0x";
				CLANG_CXX_LIBRARY = "libc++";
				CLANG_ENABLE_MODULES = YES;
				CLANG_ENABLE_OBJC_ARC = YES;
				CLANG_WARN_BOOL_CONVERSION = YES;
				CLANG_WARN_CONSTANT_CONVERSION = YES;
				CLANG_WARN_DIRECT_OBJC_ISA_USAGE = YES_ERROR;
				CLANG_WARN_DOCUMENTATION_COMMENTS = YES;
				CLANG_WARN_EMPTY_BODY = YES;
				CLANG_WARN_ENUM_CONVERSION = YES;
				CLANG_WARN_INFINITE_RECURSION = YES;
				CLANG_WARN_INT_CONVERSION = YES;
				CLANG_WARN_OBJC_ROOT_CLASS = YES_ERROR;
				CLANG_WARN_SUSPICIOUS_MOVES = YES;
				CLANG_WARN_UNREACHABLE_CODE = YES;
				CLANG_WARN__DUPLICATE_METHOD_MATCH = YES;
				"CODE_SIGN_IDENTITY[sdk=iphoneos*]" = "iPhone Developer";
				COPY_PHASE_STRIP = NO;
				DEBUG_INFORMATION_FORMAT = "dwarf-with-dsym";
				ENABLE_NS_ASSERTIONS = NO;
				ENABLE_STRICT_OBJC_MSGSEND = YES;
				GCC_C_LANGUAGE_STANDARD = gnu99;
				GCC_NO_COMMON_BLOCKS = YES;
				GCC_WARN_64_TO_32_BIT_CONVERSION = YES;
				GCC_WARN_ABOUT_RETURN_TYPE = YES_ERROR;
				GCC_WARN_UNDECLARED_SELECTOR = YES;
				GCC_WARN_UNINITIALIZED_AUTOS = YES_AGGRESSIVE;
				GCC_WARN_UNUSED_FUNCTION = YES;
				GCC_WARN_UNUSED_VARIABLE = YES;
				IPHONEOS_DEPLOYMENT_TARGET = 7.0;
				MTL_ENABLE_DEBUG_INFO = NO;
				SDKROOT = iphoneos;
				TARGETED_DEVICE_FAMILY = "1,2";
				VALIDATE_PRODUCT = YES;
			};
			name = Release;
		};
		E182CD961DE4335100DFFE94 /* Debug */ = {
			isa = XCBuildConfiguration;
			buildSettings = {
				ASSETCATALOG_COMPILER_APPICON_NAME = AppIcon;
				ASSETCATALOG_COMPILER_LAUNCHIMAGE_NAME = LaunchImage;
				DEVELOPMENT_TEAM = SEUUY5JL47;
				INFOPLIST_FILE = Calculator/Info.plist;
				LD_RUNPATH_SEARCH_PATHS = "$(inherited) @executable_path/Frameworks";
				PRODUCT_BUNDLE_IDENTIFIER = com.TestApp.Calculator;
				PRODUCT_NAME = "$(TARGET_NAME)";
			};
			name = Debug;
		};
		E182CD971DE4335100DFFE94 /* Release */ = {
			isa = XCBuildConfiguration;
			buildSettings = {
				ASSETCATALOG_COMPILER_APPICON_NAME = AppIcon;
				ASSETCATALOG_COMPILER_LAUNCHIMAGE_NAME = LaunchImage;
				DEVELOPMENT_TEAM = SEUUY5JL47;
				INFOPLIST_FILE = Calculator/Info.plist;
				LD_RUNPATH_SEARCH_PATHS = "$(inherited) @executable_path/Frameworks";
				PRODUCT_BUNDLE_IDENTIFIER = com.TestApp.Calculator;
				PRODUCT_NAME = "$(TARGET_NAME)";
			};
			name = Release;
		};
		E182CD991DE4335100DFFE94 /* Debug */ = {
			isa = XCBuildConfiguration;
			buildSettings = {
				BUNDLE_LOADER = "$(TEST_HOST)";
				DEVELOPMENT_TEAM = SEUUY5JL47;
				INFOPLIST_FILE = CalculatorTests/Info.plist;
				LD_RUNPATH_SEARCH_PATHS = "$(inherited) @executable_path/Frameworks @loader_path/Frameworks";
				PRODUCT_BUNDLE_IDENTIFIER = com.TestApp.CalculatorTests;
				PRODUCT_NAME = "$(TARGET_NAME)";
				TEST_HOST = "$(BUILT_PRODUCTS_DIR)/Calculator.app/Calculator";
			};
			name = Debug;
		};
		E182CD9A1DE4335100DFFE94 /* Release */ = {
			isa = XCBuildConfiguration;
			buildSettings = {
				BUNDLE_LOADER = "$(TEST_HOST)";
				DEVELOPMENT_TEAM = SEUUY5JL47;
				INFOPLIST_FILE = CalculatorTests/Info.plist;
				LD_RUNPATH_SEARCH_PATHS = "$(inherited) @executable_path/Frameworks @loader_path/Frameworks";
				PRODUCT_BUNDLE_IDENTIFIER = com.TestApp.CalculatorTests;
				PRODUCT_NAME = "$(TARGET_NAME)";
				TEST_HOST = "$(BUILT_PRODUCTS_DIR)/Calculator.app/Calculator";
			};
			name = Release;
		};
/* End XCBuildConfiguration section */

/* Begin XCConfigurationList section */
		E182CD6E1DE4335000DFFE94 /* Build configuration list for PBXProject "Calculator" */ = {
			isa = XCConfigurationList;
			buildConfigurations = (
				E182CD931DE4335100DFFE94 /* Debug */,
				E182CD941DE4335100DFFE94 /* Release */,
			);
			defaultConfigurationIsVisible = 0;
			defaultConfigurationName = Release;
		};
		E182CD951DE4335100DFFE94 /* Build configuration list for PBXNativeTarget "Calculator" */ = {
			isa = XCConfigurationList;
			buildConfigurations = (
				E182CD961DE4335100DFFE94 /* Debug */,
				E182CD971DE4335100DFFE94 /* Release */,
			);
			defaultConfigurationIsVisible = 0;
		};
		E182CD981DE4335100DFFE94 /* Build configuration list for PBXNativeTarget "CalculatorTests" */ = {
			isa = XCConfigurationList;
			buildConfigurations = (
				E182CD991DE4335100DFFE94 /* Debug */,
				E182CD9A1DE4335100DFFE94 /* Release */,
			);
			defaultConfigurationIsVisible = 0;
		};
/* End XCConfigurationList section */
	};
	rootObject = E182CD6B1DE4335000DFFE94 /* Project object */;
}
